<?xml version="1.0" encoding="utf-8"?>
<Project ToolsVersion="4.0" xmlns="http://schemas.microsoft.com/developer/msbuild/2003">
  <ItemGroup>
    <Filter Include="Source Files">
      <UniqueIdentifier>{4FC737F1-C7A5-4376-A066-2A32D752A2FF}</UniqueIdentifier>
      <Extensions>cpp;c;cc;cxx;c++;cppm;ixx;def;odl;idl;hpj;bat;asm;asmx</Extensions>
    </Filter>
    <Filter Include="Header Files">
      <UniqueIdentifier>{93995380-89BD-4b04-88EB-625FBE52EBFB}</UniqueIdentifier>
      <Extensions>h;hh;hpp;hxx;h++;hm;inl;inc;ipp;xsd</Extensions>
    </Filter>
    <Filter Include="Resource Files">
      <UniqueIdentifier>{67DA6AB6-F800-4c08-8B7A-83BB121AAD01}</UniqueIdentifier>
      <Extensions>rc;ico;cur;bmp;dlg;rc2;rct;bin;rgs;gif;jpg;jpeg;jpe;resx;tiff;tif;png;wav;mfcribbon-ms</Extensions>
    </Filter>
  </ItemGroup>
  <ItemGroup>
    <ClInclude Include="vpptype.h">
      <Filter>Header Files</Filter>
    </ClInclude>
    <ClInclude Include="TLCCS.h">
      <Filter>Header Files</Filter>
    </ClInclude>
    <ClInclude Include="visa.h">
      <Filter>Header Files</Filter>
    </ClInclude>
    <ClInclude Include="visatype.h">
      <Filter>Header Files</Filter>
    </ClInclude>
    <ClInclude Include="..\ccd\Thorlabs.MotionControl.KCube.DCServo.h">
      <Filter>Header Files</Filter>
    </ClInclude>
    <ClInclude Include="..\..\..\..\source\repos\interferometer\spectrometer\targetver.h">
      <Filter>Header Files</Filter>
    </ClInclude>
    <ClInclude Include="..\..\..\..\source\repos\interferometer\interface\stdafx.h">
      <Filter>Header Files</Filter>
    </ClInclude>
  </ItemGroup>
  <ItemGroup>
    <ClCompile Include="..\..\..\..\eclipse-workspace\Spectrometer\mainCCD.cpp">
      <Filter>Source Files</Filter>
    </ClCompile>
  </ItemGroup>
  <ItemGroup>
    <Library Include="TLCCS_32.lib" />
    <Library Include="visa32.lib" />
  </ItemGroup>
  <ItemGroup>
    <None Include="visa32.bas" />
    <None Include="vpptype.bas" />
  </ItemGroup>
</Project>